
Microsoft Visual Studio Solution File, Format Version 12.00
# Visual Studio Version 16
VisualStudioVersion = 16.0.30717.126
MinimumVisualStudioVersion = 10.0.40219.1
Project("{FAE04EC0-301F-11D3-BF4B-00C04F79EFBC}") = "SampleWindowsServicesGHA", "SampleWindowsServicesGHA\SampleWindowsServicesGHA.csproj", "{89E439DF-12AE-4E56-BCA9-F41133C24A1E}"
EndProject
Global
	GlobalSection(SolutionConfigurationPlatforms) = preSolution
		Debug|Any CPU = Debug|Any CPU
		Release|Any CPU = Release|Any CPU
	EndGlobalSection
	GlobalSection(ProjectConfigurationPlatforms) = postSolution
		{89E439DF-12AE-4E56-BCA9-F41133C24A1E}.Debug|Any CPU.ActiveCfg = Debug|Any CPU
		{89E439DF-12AE-4E56-BCA9-F41133C24A1E}.Debug|Any CPU.Build.0 = Debug|Any CPU
		{89E439DF-12AE-4E56-BCA9-F41133C24A1E}.Release|Any CPU.ActiveCfg = Release|Any CPU
		{89E439DF-12AE-4E56-BCA9-F41133C24A1E}.Release|Any CPU.Build.0 = Release|Any CPU
	EndGlobalSection
	GlobalSection(SolutionProperties) = preSolution
		HideSolutionNode = FALSE
	EndGlobalSection
	GlobalSection(ExtensibilityGlobals) = postSolution
		SolutionGuid = {B4EDFFB9-8ED9-4031-9EF8-421674112A9E}
	EndGlobalSection
EndGlobal
